lockfileVersion: '6.0'

settings:
  autoInstallPeers: true
  excludeLinksFromLockfile: false

dependencies:
  '@citation-js/date':
    specifier: ^0.5.0
    version: 0.5.1
  citeproc:
    specifier: ^2.4.6
    version: 2.4.63

devDependencies:
  '@citation-js/core':
    specifier: ^0.7.9
    version: link:../core

packages:

  /@citation-js/date@0.5.1:
    resolution: {integrity: sha512-1iDKAZ4ie48PVhovsOXQ+C6o55dWJloXqtznnnKy6CltJBQLIuLLuUqa8zlIvma0ZigjVjgDUhnVaNU1MErtZw==}
    engines: {node: '>=10.0.0'}
    dev: false

  /citeproc@2.4.63:
    resolution: {integrity: sha512-68F95Bp4UbgZU/DBUGQn0qV3HDZLCdI9+Bb2ByrTaNJDL5VEm9LqaiNaxljsvoaExSLEXe1/r6n2Z06SCzW3/Q==}
    dev: false
