lockfileVersion: '6.0'

settings:
  autoInstallPeers: true
  excludeLinksFromLockfile: false

dependencies:
  '@citation-js/date':
    specifier: ^0.5.0
    version: 0.5.1
  '@citation-js/name':
    specifier: ^0.4.2
    version: 0.4.2
  fetch-ponyfill:
    specifier: ^7.1.0
    version: 7.1.0
  sync-fetch:
    specifier: ^0.5.2
    version: 0.5.2

packages:

  /@citation-js/date@0.5.1:
    resolution: {integrity: sha512-1iDKAZ4ie48PVhovsOXQ+C6o55dWJloXqtznnnKy6CltJBQLIuLLuUqa8zlIvma0ZigjVjgDUhnVaNU1MErtZw==}
    engines: {node: '>=10.0.0'}
    dev: false

  /@citation-js/name@0.4.2:
    resolution: {integrity: sha512-brSPsjs2fOVzSnARLKu0qncn6suWjHVQtrqSUrnqyaRH95r/Ad4wPF5EsoWr+Dx8HzkCGb/ogmoAzfCsqlTwTQ==}
    engines: {node: '>=6'}
    dev: false

  /fetch-ponyfill@7.1.0:
    resolution: {integrity: sha512-FhbbL55dj/qdVO3YNK7ZEkshvj3eQ7EuIGV2I6ic/2YiocvyWv+7jg2s4AyS0wdRU75s3tA8ZxI/xPigb0v5Aw==}
    dependencies:
      node-fetch: 2.6.13
    transitivePeerDependencies:
      - encoding
    dev: false

  /node-fetch@2.6.13:
    resolution: {integrity: sha512-StxNAxh15zr77QvvkmveSQ8uCQ4+v5FkvNTj0OESmiHu+VRi/gXArXtkWMElOsOUNLtUEvI4yS+rdtOHZTwlQA==}
    engines: {node: 4.x || >=6.0.0}
    peerDependencies:
      encoding: ^0.1.0
    peerDependenciesMeta:
      encoding:
        optional: true
    dependencies:
      whatwg-url: 5.0.0
    dev: false

  /node-fetch@2.7.0:
    resolution: {integrity: sha512-c4FRfUm/dbcWZ7U+1Wq0AwCyFL+3nt2bEw05wfxSz+DWpWsitgmSgYmy2dQdWyKC1694ELPqMs/YzUSNozLt8A==}
    engines: {node: 4.x || >=6.0.0}
    peerDependencies:
      encoding: ^0.1.0
    peerDependenciesMeta:
      encoding:
        optional: true
    dependencies:
      whatwg-url: 5.0.0
    dev: false

  /sync-fetch@0.5.2:
    resolution: {integrity: sha512-6gBqqkHrYvkH65WI2bzrDwrIKmt3U10s4Exnz3dYuE5Ah62FIfNv/F63inrNhu2Nyh3GH5f42GKU3RrSJoaUyQ==}
    engines: {node: '>=14'}
    dependencies:
      node-fetch: 2.7.0
    transitivePeerDependencies:
      - encoding
    dev: false

  /tr46@0.0.3:
    resolution: {integrity: sha512-N3WMsuqV66lT30CrXNbEjx4GEwlow3v6rr4mCcv6prnfwhS01rkgyFdjPNBYd9br7LpXV1+Emh01fHnq2Gdgrw==}
    dev: false

  /webidl-conversions@3.0.1:
    resolution: {integrity: sha512-2JAn3z8AR6rjK8Sm8orRC0h/bcl/DqL7tRPdGZ4I1CjdF+EaMLmYxBHyXuKL849eucPFhvBoxMsflfOb8kxaeQ==}
    dev: false

  /whatwg-url@5.0.0:
    resolution: {integrity: sha512-saE57nupxk6v3HY35+jzBwYa0rKSy0XR8JSxZPwgLr7ys0IBzhGviA1/TUGJLmSVqs8pb9AnvICXEuOHLprYTw==}
    dependencies:
      tr46: 0.0.3
      webidl-conversions: 3.0.1
    dev: false
