lockfileVersion: '6.0'

settings:
  autoInstallPeers: true
  excludeLinksFromLockfile: false

dependencies:
  '@citation-js/core':
    specifier: ^0.7.9
    version: link:../core
  '@citation-js/plugin-bibjson':
    specifier: ^0.7.9
    version: link:../plugin-bibjson
  '@citation-js/plugin-bibtex':
    specifier: ^0.7.9
    version: link:../plugin-bibtex
  '@citation-js/plugin-csl':
    specifier: ^0.7.9
    version: link:../plugin-csl
  '@citation-js/plugin-doi':
    specifier: ^0.7.9
    version: link:../plugin-doi
  '@citation-js/plugin-ris':
    specifier: ^0.7.9
    version: link:../plugin-ris
  '@citation-js/plugin-wikidata':
    specifier: ^0.7.9
    version: link:../plugin-wikidata
  commander:
    specifier: ^12.0.0
    version: 12.0.0

packages:

  /commander@12.0.0:
    resolution: {integrity: sha512-MwVNWlYjDTtOjX5PiD7o5pK0UrFU/OYgcJfjjK4RaHZETNtjJqrZa9Y9ds88+A+f+d5lv+561eZ+yCKoS3gbAA==}
    engines: {node: '>=18'}
    dev: false
